
Microsoft Visual Studio Solution File, Format Version 12.00
# Visual Studio Version 17
VisualStudioVersion = 17.11.35208.52
MinimumVisualStudioVersion = 10.0.40219.1
Project("{9A19103F-16F7-4668-BE54-9A1E7A4F7556}") = "TicketingSystem", "TicketingSystem\TicketingSystem.csproj", "{06FF1B3B-66B2-4270-B463-CD2E20F261E8}"
EndProject
Project("{2150E333-8FDC-42A3-9474-1A3956D46DE8}") = "Core", "Core", "{3E359B77-E959-42B0-8662-5388F73FD391}"
EndProject
Project("{2150E333-8FDC-42A3-9474-1A3956D46DE8}") = "External", "External", "{E831B869-984F-407B-9184-3F235ECB1D1A}"
EndProject
Project("{9A19103F-16F7-4668-BE54-9A1E7A4F7556}") = "TicketingSystem.Domain", "TicketingSystem.Domain\TicketingSystem.Domain.csproj", "{40DDE143-2B64-4286-AE6D-160434D62E4F}"
EndProject
Project("{9A19103F-16F7-4668-BE54-9A1E7A4F7556}") = "TicketingSystem.Application", "TicketingSystem.Application\TicketingSystem.Application.csproj", "{8F363977-B2D3-4972-89D6-12393CA361FA}"
EndProject
Project("{9A19103F-16F7-4668-BE54-9A1E7A4F7556}") = "TicketingSystem.Infrastructure", "TicketingSystem.Infrastructure\TicketingSystem.Infrastructure.csproj", "{DC357B48-31BA-4D7E-A604-8B8D2C235AFF}"
EndProject
Global
	GlobalSection(SolutionConfigurationPlatforms) = preSolution
		Debug|Any CPU = Debug|Any CPU
		Release|Any CPU = Release|Any CPU
	EndGlobalSection
	GlobalSection(ProjectConfigurationPlatforms) = postSolution
		{06FF1B3B-66B2-4270-B463-CD2E20F261E8}.Debug|Any CPU.ActiveCfg = Debug|Any CPU
		{06FF1B3B-66B2-4270-B463-CD2E20F261E8}.Debug|Any CPU.Build.0 = Debug|Any CPU
		{06FF1B3B-66B2-4270-B463-CD2E20F261E8}.Release|Any CPU.ActiveCfg = Release|Any CPU
		{06FF1B3B-66B2-4270-B463-CD2E20F261E8}.Release|Any CPU.Build.0 = Release|Any CPU
		{40DDE143-2B64-4286-AE6D-160434D62E4F}.Debug|Any CPU.ActiveCfg = Debug|Any CPU
		{40DDE143-2B64-4286-AE6D-160434D62E4F}.Debug|Any CPU.Build.0 = Debug|Any CPU
		{40DDE143-2B64-4286-AE6D-160434D62E4F}.Release|Any CPU.ActiveCfg = Release|Any CPU
		{40DDE143-2B64-4286-AE6D-160434D62E4F}.Release|Any CPU.Build.0 = Release|Any CPU
		{8F363977-B2D3-4972-89D6-12393CA361FA}.Debug|Any CPU.ActiveCfg = Debug|Any CPU
		{8F363977-B2D3-4972-89D6-12393CA361FA}.Debug|Any CPU.Build.0 = Debug|Any CPU
		{8F363977-B2D3-4972-89D6-12393CA361FA}.Release|Any CPU.ActiveCfg = Release|Any CPU
		{8F363977-B2D3-4972-89D6-12393CA361FA}.Release|Any CPU.Build.0 = Release|Any CPU
		{DC357B48-31BA-4D7E-A604-8B8D2C235AFF}.Debug|Any CPU.ActiveCfg = Debug|Any CPU
		{DC357B48-31BA-4D7E-A604-8B8D2C235AFF}.Debug|Any CPU.Build.0 = Debug|Any CPU
		{DC357B48-31BA-4D7E-A604-8B8D2C235AFF}.Release|Any CPU.ActiveCfg = Release|Any CPU
		{DC357B48-31BA-4D7E-A604-8B8D2C235AFF}.Release|Any CPU.Build.0 = Release|Any CPU
	EndGlobalSection
	GlobalSection(SolutionProperties) = preSolution
		HideSolutionNode = FALSE
	EndGlobalSection
	GlobalSection(NestedProjects) = preSolution
		{40DDE143-2B64-4286-AE6D-160434D62E4F} = {3E359B77-E959-42B0-8662-5388F73FD391}
		{8F363977-B2D3-4972-89D6-12393CA361FA} = {3E359B77-E959-42B0-8662-5388F73FD391}
		{DC357B48-31BA-4D7E-A604-8B8D2C235AFF} = {E831B869-984F-407B-9184-3F235ECB1D1A}
	EndGlobalSection
	GlobalSection(ExtensibilityGlobals) = postSolution
		SolutionGuid = {5A4CD8F4-6494-4DE3-985B-1675D01431EE}
	EndGlobalSection
EndGlobal
